PODS:
  - PaginatedTableView (1.0.1)

DEPENDENCIES:
  - PaginatedTableView (from `../`)

EXTERNAL SOURCES:
  PaginatedTableView:
    :path: "../"

SPEC CHECKSUMS:
  PaginatedTableView: 294d9831d5ddf5c0dcfbb4a281d4fcfb8d12f55a

PODFILE CHECKSUM: 62a0c1d6bf8b782ebd47df65242b1feafd0ec7a2

COCOAPODS: 1.10.1
